
Microsoft Visual Studio Solution File, Format Version 11.00
# Visual Studio 2010
Project("{FAE04EC0-301F-11D3-BF4B-00C04F79EFBC}") = "Assembly-CSharp", "Assembly-CSharp.csproj", "{4AB8B4B5-179B-2964-B0BB-5A6FC60B1C3A}"
EndProject
Project("{FAE04EC0-301F-11D3-BF4B-00C04F79EFBC}") = "MacBLAS", "MacBLAS.csproj", "{E4B7469C-18E5-04D1-CF8C-08F22923A29A}"
EndProject
Project("{FAE04EC0-301F-11D3-BF4B-00C04F79EFBC}") = "iOSBLAS", "iOSBLAS.csproj", "{CDC70DCF-9CF9-20DA-3811-58514A3EC569}"
EndProject
Project("{FAE04EC0-301F-11D3-BF4B-00C04F79EFBC}") = "Assembly-CSharp-Editor", "Assembly-CSharp-Editor.csproj", "{2D3F3F12-CA7C-8449-864D-2FC09ADE363C}"
EndProject
Project("{FAE04EC0-301F-11D3-BF4B-00C04F79EFBC}") = "Barracuda-editor", "Barracuda-editor.csproj", "{CE9E9972-D0C1-F3CB-E7F2-D5DBE97AEE8F}"
EndProject
Global
	GlobalSection(SolutionConfigurationPlatforms) = preSolution
		Debug|Any CPU = Debug|Any CPU
		Release|Any CPU = Release|Any CPU
	EndGlobalSection
	GlobalSection(ProjectConfigurationPlatforms) = postSolution
		{4AB8B4B5-179B-2964-B0BB-5A6FC60B1C3A}.Debug|Any CPU.ActiveCfg = Debug|Any CPU
		{4AB8B4B5-179B-2964-B0BB-5A6FC60B1C3A}.Debug|Any CPU.Build.0 = Debug|Any CPU
		{4AB8B4B5-179B-2964-B0BB-5A6FC60B1C3A}.Release|Any CPU.ActiveCfg = Release|Any CPU
		{4AB8B4B5-179B-2964-B0BB-5A6FC60B1C3A}.Release|Any CPU.Build.0 = Release|Any CPU
		{E4B7469C-18E5-04D1-CF8C-08F22923A29A}.Debug|Any CPU.ActiveCfg = Debug|Any CPU
		{E4B7469C-18E5-04D1-CF8C-08F22923A29A}.Debug|Any CPU.Build.0 = Debug|Any CPU
		{E4B7469C-18E5-04D1-CF8C-08F22923A29A}.Release|Any CPU.ActiveCfg = Release|Any CPU
		{E4B7469C-18E5-04D1-CF8C-08F22923A29A}.Release|Any CPU.Build.0 = Release|Any CPU
		{CDC70DCF-9CF9-20DA-3811-58514A3EC569}.Debug|Any CPU.ActiveCfg = Debug|Any CPU
		{CDC70DCF-9CF9-20DA-3811-58514A3EC569}.Debug|Any CPU.Build.0 = Debug|Any CPU
		{CDC70DCF-9CF9-20DA-3811-58514A3EC569}.Release|Any CPU.ActiveCfg = Release|Any CPU
		{CDC70DCF-9CF9-20DA-3811-58514A3EC569}.Release|Any CPU.Build.0 = Release|Any CPU
		{2D3F3F12-CA7C-8449-864D-2FC09ADE363C}.Debug|Any CPU.ActiveCfg = Debug|Any CPU
		{2D3F3F12-CA7C-8449-864D-2FC09ADE363C}.Debug|Any CPU.Build.0 = Debug|Any CPU
		{2D3F3F12-CA7C-8449-864D-2FC09ADE363C}.Release|Any CPU.ActiveCfg = Release|Any CPU
		{2D3F3F12-CA7C-8449-864D-2FC09ADE363C}.Release|Any CPU.Build.0 = Release|Any CPU
		{CE9E9972-D0C1-F3CB-E7F2-D5DBE97AEE8F}.Debug|Any CPU.ActiveCfg = Debug|Any CPU
		{CE9E9972-D0C1-F3CB-E7F2-D5DBE97AEE8F}.Debug|Any CPU.Build.0 = Debug|Any CPU
		{CE9E9972-D0C1-F3CB-E7F2-D5DBE97AEE8F}.Release|Any CPU.ActiveCfg = Release|Any CPU
		{CE9E9972-D0C1-F3CB-E7F2-D5DBE97AEE8F}.Release|Any CPU.Build.0 = Release|Any CPU
	EndGlobalSection
	GlobalSection(SolutionProperties) = preSolution
		HideSolutionNode = FALSE
	EndGlobalSection
EndGlobal
